// !$*UTF8*$!
{
	archiveVersion = 1;
	classes = {
	};
	objectVersion = 46;
	objects = {

/* Begin PBXBuildFile section */
		2A2ACDCA1F2595BC0058AFEA /* AppDelegate.swift in Sources */ = {isa = PBXBuildFile; fileRef = 2A2ACDC91F2595BC0058AFEA /* AppDelegate.swift */; };
		2A2ACDCC1F2595BC0058AFEA /* ViewController.swift in Sources */ = {isa = PBXBuildFile; fileRef = 2A2ACDCB1F2595BC0058AFEA /* ViewController.swift */; };
		2A2ACDCF1F2595BC0058AFEA /* Main.storyboard in Resources */ = {isa = PBXBuildFile; fileRef = 2A2ACDCD1F2595BC0058AFEA /* Main.storyboard */; };
		2A2ACDD11F2595BC0058AFEA /* Assets.xcassets in Resources */ = {isa = PBXBuildFile; fileRef = 2A2ACDD01F2595BC0058AFEA /* Assets.xcassets */; };
		2A2ACDD41F2595BC0058AFEA /* LaunchScreen.storyboard in Resources */ = {isa = PBXBuildFile; fileRef = 2A2ACDD21F2595BC0058AFEA /* LaunchScreen.storyboard */; };
		2DFBC2F03A07C708D3F64989 /* Pods_skyclub.framework in Frameworks */ = {isa = PBXBuildFile; fileRef = B738082F1ED5342149B7DB75 /* Pods_skyclub.framework */; };
/* End PBXBuildFile section */

/* Begin PBXFileReference section */
		2A2ACDC61F2595BC0058AFEA /* skyclub.app */ = {isa = PBXFileReference; explicitFileType = wrapper.application; includeInIndex = 0; path = skyclub.app; sourceTree = BUILT_PRODUCTS_DIR; };
		2A2ACDC91F2595BC0058AFEA /* AppDelegate.swift */ = {isa = PBXFileReference; lastKnownFileType = sourcecode.swift; path = AppDelegate.swift; sourceTree = "<group>"; };
		2A2ACDCB1F2595BC0058AFEA /* ViewController.swift */ = {isa = PBXFileReference; lastKnownFileType = sourcecode.swift; path = ViewController.swift; sourceTree = "<group>"; };
		2A2ACDCE1F2595BC0058AFEA /* Base */ = {isa = PBXFileReference; lastKnownFileType = file.storyboard; name = Base; path = Base.lproj/Main.storyboard; sourceTree = "<group>"; };
		2A2ACDD01F2595BC0058AFEA /* Assets.xcassets */ = {isa = PBXFileReference; lastKnownFileType = folder.assetcatalog; path = Assets.xcassets; sourceTree = "<group>"; };
		2A2ACDD31F2595BC0058AFEA /* Base */ = {isa = PBXFileReference; lastKnownFileType = file.storyboard; name = Base; path = Base.lproj/LaunchScreen.storyboard; sourceTree = "<group>"; };
		2A2ACDD51F2595BC0058AFEA /* Info.plist */ = {isa = PBXFileReference; lastKnownFileType = text.plist.xml; path = Info.plist; sourceTree = "<group>"; };
		388F6205F5B46D6FD8445A27 /* Pods-skyclub.release.xcconfig */ = {isa = PBXFileReference; includeInIndex = 1; lastKnownFileType = text.xcconfig; name = "Pods-skyclub.release.xcconfig"; path = "Pods/Target Support Files/Pods-skyclub/Pods-skyclub.release.xcconfig"; sourceTree = "<group>"; };
		84AC2AEE37430B6DF179C570 /* Pods-skyclub.debug.xcconfig */ = {isa = PBXFileReference; includeInIndex = 1; lastKnownFileType = text.xcconfig; name = "Pods-skyclub.debug.xcconfig"; path = "Pods/Target Support Files/Pods-skyclub/Pods-skyclub.debug.xcconfig"; sourceTree = "<group>"; };
		B738082F1ED5342149B7DB75 /* Pods_skyclub.framework */ = {isa = PBXFileReference; explicitFileType = wrapper.framework; includeInIndex = 0; path = Pods_skyclub.framework; sourceTree = BUILT_PRODUCTS_DIR; };
/* End PBXFileReference section */

/* Begin PBXFrameworksBuildPhase section */
		2A2ACDC31F2595BC0058AFEA /* Frameworks */ = {
			isa = PBXFrameworksBuildPhase;
			buildActionMask = 2147483647;
			files = (
				2DFBC2F03A07C708D3F64989 /* Pods_skyclub.framework in Frameworks */,
			);
			runOnlyForDeploymentPostprocessing = 0;
		};
/* End PBXFrameworksBuildPhase section */

/* Begin PBXGroup section */
		2A2ACDBD1F2595BC0058AFEA = {
			isa = PBXGroup;
			children = (
				2A2ACDC81F2595BC0058AFEA /* skyclub */,
				2A2ACDC71F2595BC0058AFEA /* Products */,
				94E3614D6BDF2EFDBE05E758 /* Pods */,
				863DC09A7A3C480501D6667E /* Frameworks */,
			);
			sourceTree = "<group>";
		};
		2A2ACDC71F2595BC0058AFEA /* Products */ = {
			isa = PBXGroup;
			children = (
				2A2ACDC61F2595BC0058AFEA /* skyclub.app */,
			);
			name = Products;
			sourceTree = "<group>";
		};
		2A2ACDC81F2595BC0058AFEA /* skyclub */ = {
			isa = PBXGroup;
			children = (
				2A2ACDC91F2595BC0058AFEA /* AppDelegate.swift */,
				2A2ACDCB1F2595BC0058AFEA /* ViewController.swift */,
				2A2ACDCD1F2595BC0058AFEA /* Main.storyboard */,
				2A2ACDD01F2595BC0058AFEA /* Assets.xcassets */,
				2A2ACDD21F2595BC0058AFEA /* LaunchScreen.storyboard */,
				2A2ACDD51F2595BC0058AFEA /* Info.plist */,
			);
			path = skyclub;
			sourceTree = "<group>";
		};
		863DC09A7A3C480501D6667E /* Frameworks */ = {
			isa = PBXGroup;
			children = (
				B738082F1ED5342149B7DB75 /* Pods_skyclub.framework */,
			);
			name = Frameworks;
			sourceTree = "<group>";
		};
		94E3614D6BDF2EFDBE05E758 /* Pods */ = {
			isa = PBXGroup;
			children = (
				84AC2AEE37430B6DF179C570 /* Pods-skyclub.debug.xcconfig */,
				388F6205F5B46D6FD8445A27 /* Pods-skyclub.release.xcconfig */,
			);
			name = Pods;
			sourceTree = "<group>";
		};
/* End PBXGroup section */

/* Begin PBXNativeTarget section */
		2A2ACDC51F2595BC0058AFEA /* skyclub */ = {
			isa = PBXNativeTarget;
			buildConfigurationList = 2A2ACDD81F2595BC0058AFEA /* Build configuration list for PBXNativeTarget "skyclub" */;
			buildPhases = (
				B9AAB984382530305F95243C /* [CP] Check Pods Manifest.lock */,
				2A2ACDC21F2595BC0058AFEA /* Sources */,
				2A2ACDC31F2595BC0058AFEA /* Frameworks */,
				2A2ACDC41F2595BC0058AFEA /* Resources */,
				FA044135B083C7E4281262B0 /* [CP] Embed Pods Frameworks */,
				BF63BD0A3B761063EF95C3BF /* [CP] Copy Pods Resources */,
			);
			buildRules = (
			);
			dependencies = (
			);
			name = skyclub;
			productName = skyclub;
			productReference = 2A2ACDC61F2595BC0058AFEA /* skyclub.app */;
			productType = "com.apple.product-type.application";
		};
/* End PBXNativeTarget section */

/* Begin PBXProject section */
		2A2ACDBE1F2595BC0058AFEA /* Project object */ = {
			isa = PBXProject;
			attributes = {
				LastSwiftUpdateCheck = 0830;
				LastUpgradeCheck = 0830;
				ORGANIZATIONNAME = "Elvis Zhang";
				TargetAttributes = {
					2A2ACDC51F2595BC0058AFEA = {
						CreatedOnToolsVersion = 8.3.3;
						ProvisioningStyle = Automatic;
					};
				};
			};
			buildConfigurationList = 2A2ACDC11F2595BC0058AFEA /* Build configuration list for PBXProject "skyclub" */;
			compatibilityVersion = "Xcode 3.2";
			developmentRegion = English;
			hasScannedForEncodings = 0;
			knownRegions = (
				en,
				Base,
			);
			mainGroup = 2A2ACDBD1F2595BC0058AFEA;
			productRefGroup = 2A2ACDC71F2595BC0058AFEA /* Products */;
			projectDirPath = "";
			projectRoot = "";
			targets = (
				2A2ACDC51F2595BC0058AFEA /* skyclub */,
			);
		};
/* End PBXProject section */

/* Begin PBXResourcesBuildPhase section */
		2A2ACDC41F2595BC0058AFEA /* Resources */ = {
			isa = PBXResourcesBuildPhase;
			buildActionMask = 2147483647;
			files = (
				2A2ACDD41F2595BC0058AFEA /* LaunchScreen.storyboard in Resources */,
				2A2ACDD11F2595BC0058AFEA /* Assets.xcassets in Resources */,
				2A2ACDCF1F2595BC0058AFEA /* Main.storyboard in Resources */,
			);
			runOnlyForDeploymentPostprocessing = 0;
		};
/* End PBXResourcesBuildPhase section */

/* Begin PBXShellScriptBuildPhase section */
		B9AAB984382530305F95243C /* [CP] Check Pods Manifest.lock */ = {
			isa = PBXShellScriptBuildPhase;
			buildActionMask = 2147483647;
			files = (
			);
			inputPaths = (
			);
			name = "[CP] Check Pods Manifest.lock";
			outputPaths = (
			);
			runOnlyForDeploymentPostprocessing = 0;
			shellPath = /bin/sh;
			shellScript = "diff \"${PODS_PODFILE_DIR_PATH}/Podfile.lock\" \"${PODS_ROOT}/Manifest.lock\" > /dev/null\nif [ $? != 0 ] ; then\n    # print error to STDERR\n    echo \"error: The sandbox is not in sync with the Podfile.lock. Run 'pod install' or update your CocoaPods installation.\" >&2\n    exit 1\nfi\n";
			showEnvVarsInLog = 0;
		};
		BF63BD0A3B761063EF95C3BF /* [CP] Copy Pods Resources */ = {
			isa = PBXShellScriptBuildPhase;
			buildActionMask = 2147483647;
			files = (
			);
			inputPaths = (
			);
			name = "[CP] Copy Pods Resources";
			outputPaths = (
			);
			runOnlyForDeploymentPostprocessing = 0;
			shellPath = /bin/sh;
			shellScript = "\"${SRCROOT}/Pods/Target Support Files/Pods-skyclub/Pods-skyclub-resources.sh\"\n";
			showEnvVarsInLog = 0;
		};
		FA044135B083C7E4281262B0 /* [CP] Embed Pods Frameworks */ = {
			isa = PBXShellScriptBuildPhase;
			buildActionMask = 2147483647;
			files = (
			);
			inputPaths = (
			);
			name = "[CP] Embed Pods Frameworks";
			outputPaths = (
			);
			runOnlyForDeploymentPostprocessing = 0;
			shellPath = /bin/sh;
			shellScript = "\"${SRCROOT}/Pods/Target Support Files/Pods-skyclub/Pods-skyclub-frameworks.sh\"\n";
			showEnvVarsInLog = 0;
		};
/* End PBXShellScriptBuildPhase section */

/* Begin PBXSourcesBuildPhase section */
		2A2ACDC21F2595BC0058AFEA /* Sources */ = {
			isa = PBXSourcesBuildPhase;
			buildActionMask = 2147483647;
			files = (
				2A2ACDCC1F2595BC0058AFEA /* ViewController.swift in Sources */,
				2A2ACDCA1F2595BC0058AFEA /* AppDelegate.swift in Sources */,
			);
			runOnlyForDeploymentPostprocessing = 0;
		};
/* End PBXSourcesBuildPhase section */

/* Begin PBXVariantGroup section */
		2A2ACDCD1F2595BC0058AFEA /* Main.storyboard */ = {
			isa = PBXVariantGroup;
			children = (
				2A2ACDCE1F2595BC0058AFEA /* Base */,
			);
			name = Main.storyboard;
			sourceTree = "<group>";
		};
		2A2ACDD21F2595BC0058AFEA /* LaunchScreen.storyboard */ = {
			isa = PBXVariantGroup;
			children = (
				2A2ACDD31F2595BC0058AFEA /* Base */,
			);
			name = LaunchScreen.storyboard;
			sourceTree = "<group>";
		};
/* End PBXVariantGroup section */

/* Begin XCBuildConfiguration section */
		2A2ACDD61F2595BC0058AFEA /* Debug */ = {
			isa = XCBuildConfiguration;
			buildSettings = {
				ALWAYS_SEARCH_USER_PATHS = NO;
				CLANG_ANALYZER_NONNULL = YES;
				CLANG_ANALYZER_NUMBER_OBJECT_CONVERSION = YES_AGGRESSIVE;
				CLANG_CXX_LANGUAGE_STANDARD = "gnu++0x";
				CLANG_CXX_LIBRARY = "libc++";
				CLANG_ENABLE_MODULES = YES;
				CLANG_ENABLE_OBJC_ARC = YES;
				CLANG_WARN_BOOL_CONVERSION = YES;
				CLANG_WARN_CONSTANT_CONVERSION = YES;
				CLANG_WARN_DIRECT_OBJC_ISA_USAGE = YES_ERROR;
				CLANG_WARN_DOCUMENTATION_COMMENTS = YES;
				CLANG_WARN_EMPTY_BODY = YES;
				CLANG_WARN_ENUM_CONVERSION = YES;
				CLANG_WARN_INFINITE_RECURSION = YES;
				CLANG_WARN_INT_CONVERSION = YES;
				CLANG_WARN_OBJC_ROOT_CLASS = YES_ERROR;
				CLANG_WARN_SUSPICIOUS_MOVE = YES;
				CLANG_WARN_UNREACHABLE_CODE = YES;
				CLANG_WARN__DUPLICATE_METHOD_MATCH = YES;
				"CODE_SIGN_IDENTITY[sdk=iphoneos*]" = "iPhone Developer";
				COPY_PHASE_STRIP = NO;
				DEBUG_INFORMATION_FORMAT = dwarf;
				ENABLE_STRICT_OBJC_MSGSEND = YES;
				ENABLE_TESTABILITY = YES;
				GCC_C_LANGUAGE_STANDARD = gnu99;
				GCC_DYNAMIC_NO_PIC = NO;
				GCC_NO_COMMON_BLOCKS = YES;
				GCC_OPTIMIZATION_LEVEL = 0;
				GCC_PREPROCESSOR_DEFINITIONS = (
					"DEBUG=1",
					"$(inherited)",
				);
				GCC_WARN_64_TO_32_BIT_CONVERSION = YES;
				GCC_WARN_ABOUT_RETURN_TYPE = YES_ERROR;
				GCC_WARN_UNDECLARED_SELECTOR = YES;
				GCC_WARN_UNINITIALIZED_AUTOS = YES_AGGRESSIVE;
				GCC_WARN_UNUSED_FUNCTION = YES;
				GCC_WARN_UNUSED_VARIABLE = YES;
				IPHONEOS_DEPLOYMENT_TARGET = 10.3;
				MTL_ENABLE_DEBUG_INFO = YES;
				ONLY_ACTIVE_ARCH = YES;
				SDKROOT = iphoneos;
				SWIFT_ACTIVE_COMPILATION_CONDITIONS = DEBUG;
				SWIFT_OPTIMIZATION_LEVEL = "-Onone";
			};
			name = Debug;
		};
		2A2ACDD71F2595BC0058AFEA /* Release */ = {
			isa = XCBuildConfiguration;
			buildSettings = {
				ALWAYS_SEARCH_USER_PATHS = NO;
				CLANG_ANALYZER_NONNULL = YES;
				CLANG_ANALYZER_NUMBER_OBJECT_CONVERSION = YES_AGGRESSIVE;
				CLANG_CXX_LANGUAGE_STANDARD = "gnu++0x";
				CLANG_CXX_LIBRARY = "libc++";
				CLANG_ENABLE_MODULES = YES;
				CLANG_ENABLE_OBJC_ARC = YES;
				CLANG_WARN_BOOL_CONVERSION = YES;
				CLANG_WARN_CONSTANT_CONVERSION = YES;
				CLANG_WARN_DIRECT_OBJC_ISA_USAGE = YES_ERROR;
				CLANG_WARN_DOCUMENTATION_COMMENTS = YES;
				CLANG_WARN_EMPTY_BODY = YES;
				CLANG_WARN_ENUM_CONVERSION = YES;
				CLANG_WARN_INFINITE_RECURSION = YES;
				CLANG_WARN_INT_CONVERSION = YES;
				CLANG_WARN_OBJC_ROOT_CLASS = YES_ERROR;
				CLANG_WARN_SUSPICIOUS_MOVE = YES;
				CLANG_WARN_UNREACHABLE_CODE = YES;
				CLANG_WARN__DUPLICATE_METHOD_MATCH = YES;
				"CODE_SIGN_IDENTITY[sdk=iphoneos*]" = "iPhone Developer";
				COPY_PHASE_STRIP = NO;
				DEBUG_INFORMATION_FORMAT = "dwarf-with-dsym";
				ENABLE_NS_ASSERTIONS = NO;
				ENABLE_STRICT_OBJC_MSGSEND = YES;
				GCC_C_LANGUAGE_STANDARD = gnu99;
				GCC_NO_COMMON_BLOCKS = YES;
				GCC_WARN_64_TO_32_BIT_CONVERSION = YES;
				GCC_WARN_ABOUT_RETURN_TYPE = YES_ERROR;
				GCC_WARN_UNDECLARED_SELECTOR = YES;
				GCC_WARN_UNINITIALIZED_AUTOS = YES_AGGRESSIVE;
				GCC_WARN_UNUSED_FUNCTION = YES;
				GCC_WARN_UNUSED_VARIABLE = YES;
				IPHONEOS_DEPLOYMENT_TARGET = 10.3;
				MTL_ENABLE_DEBUG_INFO = NO;
				SDKROOT = iphoneos;
				SWIFT_OPTIMIZATION_LEVEL = "-Owholemodule";
				VALIDATE_PRODUCT = YES;
			};
			name = Release;
		};
		2A2ACDD91F2595BC0058AFEA /* Debug */ = {
			isa = XCBuildConfiguration;
			baseConfigurationReference = 84AC2AEE37430B6DF179C570 /* Pods-skyclub.debug.xcconfig */;
			buildSettings = {
				ASSETCATALOG_COMPILER_APPICON_NAME = AppIcon;
				INFOPLIST_FILE = skyclub/Info.plist;
				LD_RUNPATH_SEARCH_PATHS = "$(inherited) @executable_path/Frameworks";
				PRODUCT_BUNDLE_IDENTIFIER = com.elviszhang.skyclub;
				PRODUCT_NAME = "$(TARGET_NAME)";
				SWIFT_VERSION = 3.0;
			};
			name = Debug;
		};
		2A2ACDDA1F2595BC0058AFEA /* Release */ = {
			isa = XCBuildConfiguration;
			baseConfigurationReference = 388F6205F5B46D6FD8445A27 /* Pods-skyclub.release.xcconfig */;
			buildSettings = {
				ASSETCATALOG_COMPILER_APPICON_NAME = AppIcon;
				INFOPLIST_FILE = skyclub/Info.plist;
				LD_RUNPATH_SEARCH_PATHS = "$(inherited) @executable_path/Frameworks";
				PRODUCT_BUNDLE_IDENTIFIER = com.elviszhang.skyclub;
				PRODUCT_NAME = "$(TARGET_NAME)";
				SWIFT_VERSION = 3.0;
			};
			name = Release;
		};
/* End XCBuildConfiguration section */

/* Begin XCConfigurationList section */
		2A2ACDC11F2595BC0058AFEA /* Build configuration list for PBXProject "skyclub" */ = {
			isa = XCConfigurationList;
			buildConfigurations = (
				2A2ACDD61F2595BC0058AFEA /* Debug */,
				2A2ACDD71F2595BC0058AFEA /* Release */,
			);
			defaultConfigurationIsVisible = 0;
			defaultConfigurationName = Release;
		};
		2A2ACDD81F2595BC0058AFEA /* Build configuration list for PBXNativeTarget "skyclub" */ = {
			isa = XCConfigurationList;
			buildConfigurations = (
				2A2ACDD91F2595BC0058AFEA /* Debug */,
				2A2ACDDA1F2595BC0058AFEA /* Release */,
			);
			defaultConfigurationIsVisible = 0;
		};
/* End XCConfigurationList section */
	};
	rootObject = 2A2ACDBE1F2595BC0058AFEA /* Project object */;
}
