// !$*UTF8*$!
{
	archiveVersion = 1;
	classes = {
	};
	objectVersion = 46;
	objects = {

/* Begin PBXBuildFile section */
		2A2ACDCA1F2595BC0058AFEA /* AppDelegate.swift in Sources */ = {isa = PBXBuildFile; fileRef = 2A2ACDC91F2595BC0058AFEA /* AppDelegate.swift */; };
		2A2ACDD11F2595BC0058AFEA /* Assets.xcassets in Resources */ = {isa = PBXBuildFile; fileRef = 2A2ACDD01F2595BC0058AFEA /* Assets.xcassets */; };
		2AA5897D1F26F0EE007480AB /* FlightInfoController.swift in Sources */ = {isa = PBXBuildFile; fileRef = 2AA5897C1F26F0EE007480AB /* FlightInfoController.swift */; };
		2AA5899D1F2986EF007480AB /* HomeViewController.swift in Sources */ = {isa = PBXBuildFile; fileRef = 2AA5899C1F2986EF007480AB /* HomeViewController.swift */; };
		2AA5899F1F298DFD007480AB /* HeaderCell.swift in Sources */ = {isa = PBXBuildFile; fileRef = 2AA5899E1F298DFD007480AB /* HeaderCell.swift */; };
		2DFBC2F03A07C708D3F64989 /* Pods_skyclub.framework in Frameworks */ = {isa = PBXBuildFile; fileRef = B738082F1ED5342149B7DB75 /* Pods_skyclub.framework */; };
		50195D261F27175200F8E3D7 /* Constants.swift in Sources */ = {isa = PBXBuildFile; fileRef = 50195D251F27175200F8E3D7 /* Constants.swift */; };
		50195D281F2719B200F8E3D7 /* EditYourInformationViewController.swift in Sources */ = {isa = PBXBuildFile; fileRef = 50195D271F2719B200F8E3D7 /* EditYourInformationViewController.swift */; };
		501EB8AD1F25C9D3000D17F2 /* LaunchScreen.storyboard in Resources */ = {isa = PBXBuildFile; fileRef = 501EB8AC1F25C9D3000D17F2 /* LaunchScreen.storyboard */; };
		501EB8AF1F25C9DE000D17F2 /* Main.storyboard in Resources */ = {isa = PBXBuildFile; fileRef = 501EB8AE1F25C9DE000D17F2 /* Main.storyboard */; };
		501EB8B21F25CA08000D17F2 /* LoginViewController.swift in Sources */ = {isa = PBXBuildFile; fileRef = 501EB8B11F25CA08000D17F2 /* LoginViewController.swift */; };
		501EB8B81F25CE14000D17F2 /* GoogleService-Info.plist in Resources */ = {isa = PBXBuildFile; fileRef = 501EB8B71F25CE14000D17F2 /* GoogleService-Info.plist */; };
		501EB8BA1F25D8AC000D17F2 /* Login.storyboard in Resources */ = {isa = PBXBuildFile; fileRef = 501EB8B91F25D8AC000D17F2 /* Login.storyboard */; };
		501EBAB71F25EC06000D17F2 /* FBSDKLoginKit.framework in Frameworks */ = {isa = PBXBuildFile; fileRef = 501EBAB61F25EC06000D17F2 /* FBSDKLoginKit.framework */; };
		506F189C1F2732BF003CB5EC /* UserService.swift in Sources */ = {isa = PBXBuildFile; fileRef = 506F189B1F2732BF003CB5EC /* UserService.swift */; };
		506F189F1F273415003CB5EC /* Storyboard+Utility.swift in Sources */ = {isa = PBXBuildFile; fileRef = 506F189E1F273415003CB5EC /* Storyboard+Utility.swift */; };
		5094B2EB1F28705300640D68 /* FlightService.swift in Sources */ = {isa = PBXBuildFile; fileRef = 5094B2EA1F28705300640D68 /* FlightService.swift */; };
		5094B2ED1F287B5B00640D68 /* FlightInfo.swift in Sources */ = {isa = PBXBuildFile; fileRef = 5094B2EC1F287B5B00640D68 /* FlightInfo.swift */; };
		50A265E11F270BF000DDDA06 /* User.swift in Sources */ = {isa = PBXBuildFile; fileRef = 50A265E01F270BF000DDDA06 /* User.swift */; };
/* End PBXBuildFile section */

/* Begin PBXFileReference section */
		2A2ACDC61F2595BC0058AFEA /* skyclub.app */ = {isa = PBXFileReference; explicitFileType = wrapper.application; includeInIndex = 0; path = skyclub.app; sourceTree = BUILT_PRODUCTS_DIR; };
		2A2ACDC91F2595BC0058AFEA /* AppDelegate.swift */ = {isa = PBXFileReference; lastKnownFileType = sourcecode.swift; path = AppDelegate.swift; sourceTree = "<group>"; };
		2A2ACDD01F2595BC0058AFEA /* Assets.xcassets */ = {isa = PBXFileReference; lastKnownFileType = folder.assetcatalog; path = Assets.xcassets; sourceTree = "<group>"; };
		2AA5897C1F26F0EE007480AB /* FlightInfoController.swift */ = {isa = PBXFileReference; fileEncoding = 4; lastKnownFileType = sourcecode.swift; path = FlightInfoController.swift; sourceTree = "<group>"; };
		2AA5899C1F2986EF007480AB /* HomeViewController.swift */ = {isa = PBXFileReference; fileEncoding = 4; lastKnownFileType = sourcecode.swift; path = HomeViewController.swift; sourceTree = "<group>"; };
		2AA5899E1F298DFD007480AB /* HeaderCell.swift */ = {isa = PBXFileReference; fileEncoding = 4; lastKnownFileType = sourcecode.swift; path = HeaderCell.swift; sourceTree = "<group>"; };
		388F6205F5B46D6FD8445A27 /* Pods-skyclub.release.xcconfig */ = {isa = PBXFileReference; includeInIndex = 1; lastKnownFileType = text.xcconfig; name = "Pods-skyclub.release.xcconfig"; path = "Pods/Target Support Files/Pods-skyclub/Pods-skyclub.release.xcconfig"; sourceTree = "<group>"; };
		50195D251F27175200F8E3D7 /* Constants.swift */ = {isa = PBXFileReference; fileEncoding = 4; lastKnownFileType = sourcecode.swift; path = Constants.swift; sourceTree = "<group>"; };
		50195D271F2719B200F8E3D7 /* EditYourInformationViewController.swift */ = {isa = PBXFileReference; fileEncoding = 4; lastKnownFileType = sourcecode.swift; path = EditYourInformationViewController.swift; sourceTree = "<group>"; };
		501EB8AC1F25C9D3000D17F2 /* LaunchScreen.storyboard */ = {isa = PBXFileReference; fileEncoding = 4; lastKnownFileType = file.storyboard; path = LaunchScreen.storyboard; sourceTree = "<group>"; };
		501EB8AE1F25C9DE000D17F2 /* Main.storyboard */ = {isa = PBXFileReference; fileEncoding = 4; lastKnownFileType = file.storyboard; path = Main.storyboard; sourceTree = "<group>"; };
		501EB8B11F25CA08000D17F2 /* LoginViewController.swift */ = {isa = PBXFileReference; fileEncoding = 4; lastKnownFileType = sourcecode.swift; path = LoginViewController.swift; sourceTree = "<group>"; };
		501EB8B41F25CAE7000D17F2 /* Info.plist */ = {isa = PBXFileReference; explicitFileType = text.plist.info; fileEncoding = 4; path = Info.plist; sourceTree = "<group>"; };
		501EB8B71F25CE14000D17F2 /* GoogleService-Info.plist */ = {isa = PBXFileReference; fileEncoding = 4; lastKnownFileType = text.plist.xml; path = "GoogleService-Info.plist"; sourceTree = "<group>"; };
		501EB8B91F25D8AC000D17F2 /* Login.storyboard */ = {isa = PBXFileReference; fileEncoding = 4; lastKnownFileType = file.storyboard; path = Login.storyboard; sourceTree = "<group>"; };
		501EBAB61F25EC06000D17F2 /* FBSDKLoginKit.framework */ = {isa = PBXFileReference; lastKnownFileType = wrapper.framework; path = FBSDKLoginKit.framework; sourceTree = "<group>"; };
		506F189B1F2732BF003CB5EC /* UserService.swift */ = {isa = PBXFileReference; fileEncoding = 4; lastKnownFileType = sourcecode.swift; path = UserService.swift; sourceTree = "<group>"; };
		506F189E1F273415003CB5EC /* Storyboard+Utility.swift */ = {isa = PBXFileReference; fileEncoding = 4; lastKnownFileType = sourcecode.swift; path = "Storyboard+Utility.swift"; sourceTree = "<group>"; };
		5094B2EA1F28705300640D68 /* FlightService.swift */ = {isa = PBXFileReference; fileEncoding = 4; lastKnownFileType = sourcecode.swift; path = FlightService.swift; sourceTree = "<group>"; };
		5094B2EC1F287B5B00640D68 /* FlightInfo.swift */ = {isa = PBXFileReference; fileEncoding = 4; lastKnownFileType = sourcecode.swift; path = FlightInfo.swift; sourceTree = "<group>"; };
		50A265E01F270BF000DDDA06 /* User.swift */ = {isa = PBXFileReference; fileEncoding = 4; lastKnownFileType = sourcecode.swift; path = User.swift; sourceTree = "<group>"; };
		84AC2AEE37430B6DF179C570 /* Pods-skyclub.debug.xcconfig */ = {isa = PBXFileReference; includeInIndex = 1; lastKnownFileType = text.xcconfig; name = "Pods-skyclub.debug.xcconfig"; path = "Pods/Target Support Files/Pods-skyclub/Pods-skyclub.debug.xcconfig"; sourceTree = "<group>"; };
		B738082F1ED5342149B7DB75 /* Pods_skyclub.framework */ = {isa = PBXFileReference; explicitFileType = wrapper.framework; includeInIndex = 0; path = Pods_skyclub.framework; sourceTree = BUILT_PRODUCTS_DIR; };
/* End PBXFileReference section */

/* Begin PBXFrameworksBuildPhase section */
		2A2ACDC31F2595BC0058AFEA /* Frameworks */ = {
			isa = PBXFrameworksBuildPhase;
			buildActionMask = 2147483647;
			files = (
				501EBAB71F25EC06000D17F2 /* FBSDKLoginKit.framework in Frameworks */,
				2DFBC2F03A07C708D3F64989 /* Pods_skyclub.framework in Frameworks */,
			);
			runOnlyForDeploymentPostprocessing = 0;
		};
/* End PBXFrameworksBuildPhase section */

/* Begin PBXGroup section */
		2A2ACDBD1F2595BC0058AFEA = {
			isa = PBXGroup;
			children = (
				2A2ACDC81F2595BC0058AFEA /* skyclub */,
				2A2ACDC71F2595BC0058AFEA /* Products */,
				94E3614D6BDF2EFDBE05E758 /* Pods */,
				863DC09A7A3C480501D6667E /* Frameworks */,
			);
			sourceTree = "<group>";
		};
		2A2ACDC71F2595BC0058AFEA /* Products */ = {
			isa = PBXGroup;
			children = (
				2A2ACDC61F2595BC0058AFEA /* skyclub.app */,
			);
			name = Products;
			sourceTree = "<group>";
		};
		2A2ACDC81F2595BC0058AFEA /* skyclub */ = {
			isa = PBXGroup;
			children = (
				506F189D1F2733ED003CB5EC /* Extensions */,
				501EB8B31F25CAB0000D17F2 /* Supporting */,
				50A265DF1F270BDE00DDDA06 /* Data */,
				501EB8B01F25C9E8000D17F2 /* Controllers */,
				501EB8AB1F25C9BE000D17F2 /* Storyboards */,
				2A2ACDC91F2595BC0058AFEA /* AppDelegate.swift */,
				2A2ACDD01F2595BC0058AFEA /* Assets.xcassets */,
			);
			path = skyclub;
			sourceTree = "<group>";
		};
		501EB8AB1F25C9BE000D17F2 /* Storyboards */ = {
			isa = PBXGroup;
			children = (
				501EB8AC1F25C9D3000D17F2 /* LaunchScreen.storyboard */,
				501EB8B91F25D8AC000D17F2 /* Login.storyboard */,
				501EB8AE1F25C9DE000D17F2 /* Main.storyboard */,
			);
			name = Storyboards;
			sourceTree = "<group>";
		};
		501EB8B01F25C9E8000D17F2 /* Controllers */ = {
			isa = PBXGroup;
			children = (
				50195D271F2719B200F8E3D7 /* EditYourInformationViewController.swift */,
				501EB8B11F25CA08000D17F2 /* LoginViewController.swift */,
				2AA5897C1F26F0EE007480AB /* FlightInfoController.swift */,
				2AA5899C1F2986EF007480AB /* HomeViewController.swift */,
			);
			name = Controllers;
			sourceTree = "<group>";
		};
		501EB8B31F25CAB0000D17F2 /* Supporting */ = {
			isa = PBXGroup;
			children = (
				501EB8B71F25CE14000D17F2 /* GoogleService-Info.plist */,
				501EB8B41F25CAE7000D17F2 /* Info.plist */,
			);
			name = Supporting;
			sourceTree = "<group>";
		};
		506F189D1F2733ED003CB5EC /* Extensions */ = {
			isa = PBXGroup;
			children = (
				506F189E1F273415003CB5EC /* Storyboard+Utility.swift */,
			);
			name = Extensions;
			sourceTree = "<group>";
		};
		50A265DF1F270BDE00DDDA06 /* Data */ = {
			isa = PBXGroup;
			children = (
				50A265E01F270BF000DDDA06 /* User.swift */,
				50195D251F27175200F8E3D7 /* Constants.swift */,
				506F189B1F2732BF003CB5EC /* UserService.swift */,
				5094B2EA1F28705300640D68 /* FlightService.swift */,
				5094B2EC1F287B5B00640D68 /* FlightInfo.swift */,
				2AA5899E1F298DFD007480AB /* HeaderCell.swift */,
			);
			name = Data;
			sourceTree = "<group>";
		};
		863DC09A7A3C480501D6667E /* Frameworks */ = {
			isa = PBXGroup;
			children = (
				501EBAB61F25EC06000D17F2 /* FBSDKLoginKit.framework */,
				B738082F1ED5342149B7DB75 /* Pods_skyclub.framework */,
			);
			name = Frameworks;
			sourceTree = "<group>";
		};
		94E3614D6BDF2EFDBE05E758 /* Pods */ = {
			isa = PBXGroup;
			children = (
				84AC2AEE37430B6DF179C570 /* Pods-skyclub.debug.xcconfig */,
				388F6205F5B46D6FD8445A27 /* Pods-skyclub.release.xcconfig */,
			);
			name = Pods;
			sourceTree = "<group>";
		};
/* End PBXGroup section */

/* Begin PBXNativeTarget section */
		2A2ACDC51F2595BC0058AFEA /* skyclub */ = {
			isa = PBXNativeTarget;
			buildConfigurationList = 2A2ACDD81F2595BC0058AFEA /* Build configuration list for PBXNativeTarget "skyclub" */;
			buildPhases = (
				B9AAB984382530305F95243C /* [CP] Check Pods Manifest.lock */,
				2A2ACDC21F2595BC0058AFEA /* Sources */,
				2A2ACDC31F2595BC0058AFEA /* Frameworks */,
				2A2ACDC41F2595BC0058AFEA /* Resources */,
				FA044135B083C7E4281262B0 /* [CP] Embed Pods Frameworks */,
				BF63BD0A3B761063EF95C3BF /* [CP] Copy Pods Resources */,
			);
			buildRules = (
			);
			dependencies = (
			);
			name = skyclub;
			productName = skyclub;
			productReference = 2A2ACDC61F2595BC0058AFEA /* skyclub.app */;
			productType = "com.apple.product-type.application";
		};
/* End PBXNativeTarget section */

/* Begin PBXProject section */
		2A2ACDBE1F2595BC0058AFEA /* Project object */ = {
			isa = PBXProject;
			attributes = {
				LastSwiftUpdateCheck = 0830;
				LastUpgradeCheck = 0830;
				ORGANIZATIONNAME = "Elvis Zhang";
				TargetAttributes = {
					2A2ACDC51F2595BC0058AFEA = {
						CreatedOnToolsVersion = 8.3.3;
						ProvisioningStyle = Automatic;
					};
				};
			};
			buildConfigurationList = 2A2ACDC11F2595BC0058AFEA /* Build configuration list for PBXProject "skyclub" */;
			compatibilityVersion = "Xcode 3.2";
			developmentRegion = English;
			hasScannedForEncodings = 0;
			knownRegions = (
				en,
				Base,
			);
			mainGroup = 2A2ACDBD1F2595BC0058AFEA;
			productRefGroup = 2A2ACDC71F2595BC0058AFEA /* Products */;
			projectDirPath = "";
			projectRoot = "";
			targets = (
				2A2ACDC51F2595BC0058AFEA /* skyclub */,
			);
		};
/* End PBXProject section */

/* Begin PBXResourcesBuildPhase section */
		2A2ACDC41F2595BC0058AFEA /* Resources */ = {
			isa = PBXResourcesBuildPhase;
			buildActionMask = 2147483647;
			files = (
				501EB8AF1F25C9DE000D17F2 /* Main.storyboard in Resources */,
				501EB8BA1F25D8AC000D17F2 /* Login.storyboard in Resources */,
				501EB8B81F25CE14000D17F2 /* GoogleService-Info.plist in Resources */,
				2A2ACDD11F2595BC0058AFEA /* Assets.xcassets in Resources */,
				501EB8AD1F25C9D3000D17F2 /* LaunchScreen.storyboard in Resources */,
			);
			runOnlyForDeploymentPostprocessing = 0;
		};
/* End PBXResourcesBuildPhase section */

/* Begin PBXShellScriptBuildPhase section */
		B9AAB984382530305F95243C /* [CP] Check Pods Manifest.lock */ = {
			isa = PBXShellScriptBuildPhase;
			buildActionMask = 2147483647;
			files = (
			);
			inputPaths = (
			);
			name = "[CP] Check Pods Manifest.lock";
			outputPaths = (
			);
			runOnlyForDeploymentPostprocessing = 0;
			shellPath = /bin/sh;
			shellScript = "diff \"${PODS_PODFILE_DIR_PATH}/Podfile.lock\" \"${PODS_ROOT}/Manifest.lock\" > /dev/null\nif [ $? != 0 ] ; then\n    # print error to STDERR\n    echo \"error: The sandbox is not in sync with the Podfile.lock. Run 'pod install' or update your CocoaPods installation.\" >&2\n    exit 1\nfi\n";
			showEnvVarsInLog = 0;
		};
		BF63BD0A3B761063EF95C3BF /* [CP] Copy Pods Resources */ = {
			isa = PBXShellScriptBuildPhase;
			buildActionMask = 2147483647;
			files = (
			);
			inputPaths = (
			);
			name = "[CP] Copy Pods Resources";
			outputPaths = (
			);
			runOnlyForDeploymentPostprocessing = 0;
			shellPath = /bin/sh;
			shellScript = "\"${SRCROOT}/Pods/Target Support Files/Pods-skyclub/Pods-skyclub-resources.sh\"\n";
			showEnvVarsInLog = 0;
		};
		FA044135B083C7E4281262B0 /* [CP] Embed Pods Frameworks */ = {
			isa = PBXShellScriptBuildPhase;
			buildActionMask = 2147483647;
			files = (
			);
			inputPaths = (
			);
			name = "[CP] Embed Pods Frameworks";
			outputPaths = (
			);
			runOnlyForDeploymentPostprocessing = 0;
			shellPath = /bin/sh;
			shellScript = "\"${SRCROOT}/Pods/Target Support Files/Pods-skyclub/Pods-skyclub-frameworks.sh\"\n";
			showEnvVarsInLog = 0;
		};
/* End PBXShellScriptBuildPhase section */

/* Begin PBXSourcesBuildPhase section */
		2A2ACDC21F2595BC0058AFEA /* Sources */ = {
			isa = PBXSourcesBuildPhase;
			buildActionMask = 2147483647;
			files = (
				5094B2EB1F28705300640D68 /* FlightService.swift in Sources */,
				50A265E11F270BF000DDDA06 /* User.swift in Sources */,
				2AA5897D1F26F0EE007480AB /* FlightInfoController.swift in Sources */,
				506F189C1F2732BF003CB5EC /* UserService.swift in Sources */,
				2AA5899F1F298DFD007480AB /* HeaderCell.swift in Sources */,
				506F189F1F273415003CB5EC /* Storyboard+Utility.swift in Sources */,
				5094B2ED1F287B5B00640D68 /* FlightInfo.swift in Sources */,
				501EB8B21F25CA08000D17F2 /* LoginViewController.swift in Sources */,
				2AA5899D1F2986EF007480AB /* HomeViewController.swift in Sources */,
				50195D281F2719B200F8E3D7 /* EditYourInformationViewController.swift in Sources */,
				2A2ACDCA1F2595BC0058AFEA /* AppDelegate.swift in Sources */,
				50195D261F27175200F8E3D7 /* Constants.swift in Sources */,
			);
			runOnlyForDeploymentPostprocessing = 0;
		};
/* End PBXSourcesBuildPhase section */

/* Begin XCBuildConfiguration section */
		2A2ACDD61F2595BC0058AFEA /* Debug */ = {
			isa = XCBuildConfiguration;
			buildSettings = {
				ALWAYS_SEARCH_USER_PATHS = NO;
				CLANG_ANALYZER_NONNULL = YES;
				CLANG_ANALYZER_NUMBER_OBJECT_CONVERSION = YES_AGGRESSIVE;
				CLANG_CXX_LANGUAGE_STANDARD = "gnu++0x";
				CLANG_CXX_LIBRARY = "libc++";
				CLANG_ENABLE_MODULES = YES;
				CLANG_ENABLE_OBJC_ARC = YES;
				CLANG_WARN_BOOL_CONVERSION = YES;
				CLANG_WARN_CONSTANT_CONVERSION = YES;
				CLANG_WARN_DIRECT_OBJC_ISA_USAGE = YES_ERROR;
				CLANG_WARN_DOCUMENTATION_COMMENTS = YES;
				CLANG_WARN_EMPTY_BODY = YES;
				CLANG_WARN_ENUM_CONVERSION = YES;
				CLANG_WARN_INFINITE_RECURSION = YES;
				CLANG_WARN_INT_CONVERSION = YES;
				CLANG_WARN_OBJC_ROOT_CLASS = YES_ERROR;
				CLANG_WARN_SUSPICIOUS_MOVE = YES;
				CLANG_WARN_UNREACHABLE_CODE = YES;
				CLANG_WARN__DUPLICATE_METHOD_MATCH = YES;
				"CODE_SIGN_IDENTITY[sdk=iphoneos*]" = "iPhone Developer";
				COPY_PHASE_STRIP = NO;
				DEBUG_INFORMATION_FORMAT = dwarf;
				ENABLE_STRICT_OBJC_MSGSEND = YES;
				ENABLE_TESTABILITY = YES;
				GCC_C_LANGUAGE_STANDARD = gnu99;
				GCC_DYNAMIC_NO_PIC = NO;
				GCC_NO_COMMON_BLOCKS = YES;
				GCC_OPTIMIZATION_LEVEL = 0;
				GCC_PREPROCESSOR_DEFINITIONS = (
					"DEBUG=1",
					"$(inherited)",
				);
				GCC_WARN_64_TO_32_BIT_CONVERSION = YES;
				GCC_WARN_ABOUT_RETURN_TYPE = YES_ERROR;
				GCC_WARN_UNDECLARED_SELECTOR = YES;
				GCC_WARN_UNINITIALIZED_AUTOS = YES_AGGRESSIVE;
				GCC_WARN_UNUSED_FUNCTION = YES;
				GCC_WARN_UNUSED_VARIABLE = YES;
				IPHONEOS_DEPLOYMENT_TARGET = 10.3;
				MTL_ENABLE_DEBUG_INFO = YES;
				ONLY_ACTIVE_ARCH = YES;
				SDKROOT = iphoneos;
				SWIFT_ACTIVE_COMPILATION_CONDITIONS = DEBUG;
				SWIFT_OPTIMIZATION_LEVEL = "-Onone";
			};
			name = Debug;
		};
		2A2ACDD71F2595BC0058AFEA /* Release */ = {
			isa = XCBuildConfiguration;
			buildSettings = {
				ALWAYS_SEARCH_USER_PATHS = NO;
				CLANG_ANALYZER_NONNULL = YES;
				CLANG_ANALYZER_NUMBER_OBJECT_CONVERSION = YES_AGGRESSIVE;
				CLANG_CXX_LANGUAGE_STANDARD = "gnu++0x";
				CLANG_CXX_LIBRARY = "libc++";
				CLANG_ENABLE_MODULES = YES;
				CLANG_ENABLE_OBJC_ARC = YES;
				CLANG_WARN_BOOL_CONVERSION = YES;
				CLANG_WARN_CONSTANT_CONVERSION = YES;
				CLANG_WARN_DIRECT_OBJC_ISA_USAGE = YES_ERROR;
				CLANG_WARN_DOCUMENTATION_COMMENTS = YES;
				CLANG_WARN_EMPTY_BODY = YES;
				CLANG_WARN_ENUM_CONVERSION = YES;
				CLANG_WARN_INFINITE_RECURSION = YES;
				CLANG_WARN_INT_CONVERSION = YES;
				CLANG_WARN_OBJC_ROOT_CLASS = YES_ERROR;
				CLANG_WARN_SUSPICIOUS_MOVE = YES;
				CLANG_WARN_UNREACHABLE_CODE = YES;
				CLANG_WARN__DUPLICATE_METHOD_MATCH = YES;
				"CODE_SIGN_IDENTITY[sdk=iphoneos*]" = "iPhone Developer";
				COPY_PHASE_STRIP = NO;
				DEBUG_INFORMATION_FORMAT = "dwarf-with-dsym";
				ENABLE_NS_ASSERTIONS = NO;
				ENABLE_STRICT_OBJC_MSGSEND = YES;
				GCC_C_LANGUAGE_STANDARD = gnu99;
				GCC_NO_COMMON_BLOCKS = YES;
				GCC_WARN_64_TO_32_BIT_CONVERSION = YES;
				GCC_WARN_ABOUT_RETURN_TYPE = YES_ERROR;
				GCC_WARN_UNDECLARED_SELECTOR = YES;
				GCC_WARN_UNINITIALIZED_AUTOS = YES_AGGRESSIVE;
				GCC_WARN_UNUSED_FUNCTION = YES;
				GCC_WARN_UNUSED_VARIABLE = YES;
				IPHONEOS_DEPLOYMENT_TARGET = 10.3;
				MTL_ENABLE_DEBUG_INFO = NO;
				SDKROOT = iphoneos;
				SWIFT_OPTIMIZATION_LEVEL = "-Owholemodule";
				VALIDATE_PRODUCT = YES;
			};
			name = Release;
		};
		2A2ACDD91F2595BC0058AFEA /* Debug */ = {
			isa = XCBuildConfiguration;
			baseConfigurationReference = 84AC2AEE37430B6DF179C570 /* Pods-skyclub.debug.xcconfig */;
			buildSettings = {
				ASSETCATALOG_COMPILER_APPICON_NAME = AppIcon;
				FRAMEWORK_SEARCH_PATHS = (
					"$(inherited)",
					"$(PROJECT_DIR)/skyclub",
					"$(PROJECT_DIR)/FacebookSDKs-iOS-4.24.0\\ (1)",
					"$(PROJECT_DIR)/FacebookSDKs-iOS-4.24.0\\ (1)",
					"$(PROJECT_DIR)/FacebookSDKs-iOS-4.24.0\\ (1)",
					"$(PROJECT_DIR)/FacebookSDKs-iOS-4.24.0\\ (1)",
					"$(PROJECT_DIR)/FacebookSDKs-iOS-4.24.0\\ (1)",
					"$(PROJECT_DIR)/FacebookSDKs-iOS-4.24.0\\ (1)",
					"$(PROJECT_DIR)/FacebookSDKs-iOS-4.24.0\\ (1)",
					"$(PROJECT_DIR)/FacebookSDKs-iOS-4.24.0\\ (1)",
					"$(PROJECT_DIR)/FacebookSDKs-iOS-4.24.0\\ (1)",
					"$(PROJECT_DIR)/FacebookSDKs-iOS-4.24.0\\ (1)",
					"$(PROJECT_DIR)",
				);
				INFOPLIST_FILE = "$(SRCROOT)/skyclub/Info.plist";
				LD_RUNPATH_SEARCH_PATHS = "$(inherited) @executable_path/Frameworks";
				PRODUCT_BUNDLE_IDENTIFIER = com.elviszhang.skyclub;
				PRODUCT_NAME = "$(TARGET_NAME)";
				SWIFT_VERSION = 3.0;
			};
			name = Debug;
		};
		2A2ACDDA1F2595BC0058AFEA /* Release */ = {
			isa = XCBuildConfiguration;
			baseConfigurationReference = 388F6205F5B46D6FD8445A27 /* Pods-skyclub.release.xcconfig */;
			buildSettings = {
				ASSETCATALOG_COMPILER_APPICON_NAME = AppIcon;
				FRAMEWORK_SEARCH_PATHS = (
					"$(inherited)",
					"$(PROJECT_DIR)/skyclub",
					"$(PROJECT_DIR)/FacebookSDKs-iOS-4.24.0\\ (1)",
					"$(PROJECT_DIR)/FacebookSDKs-iOS-4.24.0\\ (1)",
					"$(PROJECT_DIR)/FacebookSDKs-iOS-4.24.0\\ (1)",
					"$(PROJECT_DIR)/FacebookSDKs-iOS-4.24.0\\ (1)",
					"$(PROJECT_DIR)/FacebookSDKs-iOS-4.24.0\\ (1)",
					"$(PROJECT_DIR)/FacebookSDKs-iOS-4.24.0\\ (1)",
					"$(PROJECT_DIR)/FacebookSDKs-iOS-4.24.0\\ (1)",
					"$(PROJECT_DIR)/FacebookSDKs-iOS-4.24.0\\ (1)",
					"$(PROJECT_DIR)/FacebookSDKs-iOS-4.24.0\\ (1)",
					"$(PROJECT_DIR)/FacebookSDKs-iOS-4.24.0\\ (1)",
					"$(PROJECT_DIR)",
				);
				INFOPLIST_FILE = "$(SRCROOT)/skyclub/Info.plist";
				LD_RUNPATH_SEARCH_PATHS = "$(inherited) @executable_path/Frameworks";
				PRODUCT_BUNDLE_IDENTIFIER = com.elviszhang.skyclub;
				PRODUCT_NAME = "$(TARGET_NAME)";
				SWIFT_VERSION = 3.0;
			};
			name = Release;
		};
/* End XCBuildConfiguration section */

/* Begin XCConfigurationList section */
		2A2ACDC11F2595BC0058AFEA /* Build configuration list for PBXProject "skyclub" */ = {
			isa = XCConfigurationList;
			buildConfigurations = (
				2A2ACDD61F2595BC0058AFEA /* Debug */,
				2A2ACDD71F2595BC0058AFEA /* Release */,
			);
			defaultConfigurationIsVisible = 0;
			defaultConfigurationName = Release;
		};
		2A2ACDD81F2595BC0058AFEA /* Build configuration list for PBXNativeTarget "skyclub" */ = {
			isa = XCConfigurationList;
			buildConfigurations = (
				2A2ACDD91F2595BC0058AFEA /* Debug */,
				2A2ACDDA1F2595BC0058AFEA /* Release */,
			);
			defaultConfigurationIsVisible = 0;
			defaultConfigurationName = Release;
		};
/* End XCConfigurationList section */
	};
	rootObject = 2A2ACDBE1F2595BC0058AFEA /* Project object */;
}
